// !$*UTF8*$!
{
	archiveVersion = 1;
	classes = {
	};
	objectVersion = 46;
	objects = {

/* Begin PBXBuildFile section */
		041DD6DA1B07D8BA000C40E1 /* play@2x.png in Resources */ = {isa = PBXBuildFile; fileRef = 041DD6D91B07D8BA000C40E1 /* play@2x.png */; };
		041DD6DC1B07DFE0000C40E1 /* play_w_explore@2x.png in Resources */ = {isa = PBXBuildFile; fileRef = 041DD6DB1B07DFE0000C40E1 /* play_w_explore@2x.png */; };
		041DD6E51B088FE6000C40E1 /* pause@2x.png in Resources */ = {isa = PBXBuildFile; fileRef = 041DD6E31B088FE6000C40E1 /* pause@2x.png */; };
		041DD6E61B088FE6000C40E1 /* play_wo_explore@2x.png in Resources */ = {isa = PBXBuildFile; fileRef = 041DD6E41B088FE6000C40E1 /* play_wo_explore@2x.png */; };
		041DD6E81B08B216000C40E1 /* bg_w_gradient@2x.jpg in Resources */ = {isa = PBXBuildFile; fileRef = 041DD6E71B08B216000C40E1 /* bg_w_gradient@2x.jpg */; };
		041DD6EA1B08B8CA000C40E1 /* plane@2x.png in Resources */ = {isa = PBXBuildFile; fileRef = 041DD6E91B08B8CA000C40E1 /* plane@2x.png */; };
		041DD6EC1B08C306000C40E1 /* next_track@2x.png in Resources */ = {isa = PBXBuildFile; fileRef = 041DD6EB1B08C306000C40E1 /* next_track@2x.png */; };
		04CAEDB61B07BC4F00EEEACF /* Player.m in Sources */ = {isa = PBXBuildFile; fileRef = 04CAEDB51B07BC4F00EEEACF /* Player.m */; };
		331FDE921B077E5500AEA539 /* EchoNest.m in Sources */ = {isa = PBXBuildFile; fileRef = 331FDE911B077E5500AEA539 /* EchoNest.m */; };
		F361B8301B0771AD00CB75C0 /* main.m in Sources */ = {isa = PBXBuildFile; fileRef = F361B82F1B0771AD00CB75C0 /* main.m */; };
		F361B8331B0771AD00CB75C0 /* AppDelegate.m in Sources */ = {isa = PBXBuildFile; fileRef = F361B8321B0771AD00CB75C0 /* AppDelegate.m */; };
		F361B8361B0771AD00CB75C0 /* ViewController.m in Sources */ = {isa = PBXBuildFile; fileRef = F361B8351B0771AD00CB75C0 /* ViewController.m */; };
		F361B8391B0771AD00CB75C0 /* Main.storyboard in Resources */ = {isa = PBXBuildFile; fileRef = F361B8371B0771AD00CB75C0 /* Main.storyboard */; };
		F361B83B1B0771AD00CB75C0 /* Images.xcassets in Resources */ = {isa = PBXBuildFile; fileRef = F361B83A1B0771AD00CB75C0 /* Images.xcassets */; };
		F361B83E1B0771AD00CB75C0 /* LaunchScreen.xib in Resources */ = {isa = PBXBuildFile; fileRef = F361B83C1B0771AD00CB75C0 /* LaunchScreen.xib */; };
		F361B84A1B0771AE00CB75C0 /* rainbowappleTests.m in Sources */ = {isa = PBXBuildFile; fileRef = F361B8491B0771AE00CB75C0 /* rainbowappleTests.m */; };
		F361B8551B07721200CB75C0 /* Spotify.framework in Frameworks */ = {isa = PBXBuildFile; fileRef = F361B8541B07721200CB75C0 /* Spotify.framework */; };
		F361B8571B07731A00CB75C0 /* AVFoundation.framework in Frameworks */ = {isa = PBXBuildFile; fileRef = F361B8561B07731A00CB75C0 /* AVFoundation.framework */; };
		F361B8591B07732200CB75C0 /* SystemConfiguration.framework in Frameworks */ = {isa = PBXBuildFile; fileRef = F361B8581B07732200CB75C0 /* SystemConfiguration.framework */; };
		F3A5DB831B08B86400EF7AA2 /* CitiesTableViewController.m in Sources */ = {isa = PBXBuildFile; fileRef = F3A5DB821B08B86400EF7AA2 /* CitiesTableViewController.m */; };
		F3A5DB861B08B92400EF7AA2 /* CityTableViewCell.m in Sources */ = {isa = PBXBuildFile; fileRef = F3A5DB851B08B92400EF7AA2 /* CityTableViewCell.m */; };
		F3DBD8D71B08C52300192DCD /* Barcelona.jpg in Resources */ = {isa = PBXBuildFile; fileRef = F3DBD8CC1B08C52300192DCD /* Barcelona.jpg */; };
		F3DBD8D81B08C52300192DCD /* Copenhagen.jpg in Resources */ = {isa = PBXBuildFile; fileRef = F3DBD8CD1B08C52300192DCD /* Copenhagen.jpg */; };
		F3DBD8D91B08C52300192DCD /* Los Angeles.jpg in Resources */ = {isa = PBXBuildFile; fileRef = F3DBD8CE1B08C52300192DCD /* Los Angeles.jpg */; };
		F3DBD8DA1B08C52300192DCD /* Moscow.jpg in Resources */ = {isa = PBXBuildFile; fileRef = F3DBD8CF1B08C52300192DCD /* Moscow.jpg */; };
		F3DBD8DB1B08C52300192DCD /* Paris.jpg in Resources */ = {isa = PBXBuildFile; fileRef = F3DBD8D01B08C52300192DCD /* Paris.jpg */; };
		F3DBD8DC1B08C52300192DCD /* Rio De Janeiro.jpg in Resources */ = {isa = PBXBuildFile; fileRef = F3DBD8D11B08C52300192DCD /* Rio De Janeiro.jpg */; };
		F3DBD8DD1B08C52300192DCD /* Seoul.jpg in Resources */ = {isa = PBXBuildFile; fileRef = F3DBD8D21B08C52300192DCD /* Seoul.jpg */; };
		F3DBD8DE1B08C52300192DCD /* splash.png in Resources */ = {isa = PBXBuildFile; fileRef = F3DBD8D31B08C52300192DCD /* splash.png */; };
		F3DBD8DF1B08C52300192DCD /* Stockholm.jpg in Resources */ = {isa = PBXBuildFile; fileRef = F3DBD8D41B08C52300192DCD /* Stockholm.jpg */; };
		F3DBD8E01B08C52300192DCD /* Sydney.jpg in Resources */ = {isa = PBXBuildFile; fileRef = F3DBD8D51B08C52300192DCD /* Sydney.jpg */; };
		F3DBD8E11B08C52300192DCD /* Tokyo.jpg in Resources */ = {isa = PBXBuildFile; fileRef = F3DBD8D61B08C52300192DCD /* Tokyo.jpg */; };
/* End PBXBuildFile section */

/* Begin PBXContainerItemProxy section */
		F361B8441B0771AE00CB75C0 /* PBXContainerItemProxy */ = {
			isa = PBXContainerItemProxy;
			containerPortal = F361B8221B0771AD00CB75C0 /* Project object */;
			proxyType = 1;
			remoteGlobalIDString = F361B8291B0771AD00CB75C0;
			remoteInfo = rainbowapple;
		};
/* End PBXContainerItemProxy section */

/* Begin PBXFileReference section */
		041DD6D91B07D8BA000C40E1 /* play@2x.png */ = {isa = PBXFileReference; lastKnownFileType = image.png; path = "play@2x.png"; sourceTree = "<group>"; };
		041DD6DB1B07DFE0000C40E1 /* play_w_explore@2x.png */ = {isa = PBXFileReference; lastKnownFileType = image.png; path = "play_w_explore@2x.png"; sourceTree = "<group>"; };
		041DD6E31B088FE6000C40E1 /* pause@2x.png */ = {isa = PBXFileReference; lastKnownFileType = image.png; path = "pause@2x.png"; sourceTree = "<group>"; };
		041DD6E41B088FE6000C40E1 /* play_wo_explore@2x.png */ = {isa = PBXFileReference; lastKnownFileType = image.png; path = "play_wo_explore@2x.png"; sourceTree = "<group>"; };
		041DD6E71B08B216000C40E1 /* bg_w_gradient@2x.jpg */ = {isa = PBXFileReference; lastKnownFileType = image.jpeg; path = "bg_w_gradient@2x.jpg"; sourceTree = "<group>"; };
		041DD6E91B08B8CA000C40E1 /* plane@2x.png */ = {isa = PBXFileReference; lastKnownFileType = image.png; path = "plane@2x.png"; sourceTree = "<group>"; };
		041DD6EB1B08C306000C40E1 /* next_track@2x.png */ = {isa = PBXFileReference; lastKnownFileType = image.png; path = "next_track@2x.png"; sourceTree = "<group>"; };
		04CAEDB41B07BC4F00EEEACF /* Player.h */ = {isa = PBXFileReference; fileEncoding = 4; lastKnownFileType = sourcecode.c.h; path = Player.h; sourceTree = "<group>"; };
		04CAEDB51B07BC4F00EEEACF /* Player.m */ = {isa = PBXFileReference; fileEncoding = 4; lastKnownFileType = sourcecode.c.objc; path = Player.m; sourceTree = "<group>"; };
		331FDE911B077E5500AEA539 /* EchoNest.m */ = {isa = PBXFileReference; fileEncoding = 4; lastKnownFileType = sourcecode.c.objc; path = EchoNest.m; sourceTree = "<group>"; };
		331FDE931B077F9300AEA539 /* EchoNest.h */ = {isa = PBXFileReference; fileEncoding = 4; lastKnownFileType = sourcecode.c.h; path = EchoNest.h; sourceTree = "<group>"; };
		F361B82A1B0771AD00CB75C0 /* rainbowapple.app */ = {isa = PBXFileReference; explicitFileType = wrapper.application; includeInIndex = 0; path = rainbowapple.app; sourceTree = BUILT_PRODUCTS_DIR; };
		F361B82E1B0771AD00CB75C0 /* Info.plist */ = {isa = PBXFileReference; lastKnownFileType = text.plist.xml; path = Info.plist; sourceTree = "<group>"; };
		F361B82F1B0771AD00CB75C0 /* main.m */ = {isa = PBXFileReference; lastKnownFileType = sourcecode.c.objc; path = main.m; sourceTree = "<group>"; };
		F361B8311B0771AD00CB75C0 /* AppDelegate.h */ = {isa = PBXFileReference; lastKnownFileType = sourcecode.c.h; path = AppDelegate.h; sourceTree = "<group>"; };
		F361B8321B0771AD00CB75C0 /* AppDelegate.m */ = {isa = PBXFileReference; lastKnownFileType = sourcecode.c.objc; path = AppDelegate.m; sourceTree = "<group>"; };
		F361B8341B0771AD00CB75C0 /* ViewController.h */ = {isa = PBXFileReference; lastKnownFileType = sourcecode.c.h; path = ViewController.h; sourceTree = "<group>"; };
		F361B8351B0771AD00CB75C0 /* ViewController.m */ = {isa = PBXFileReference; lastKnownFileType = sourcecode.c.objc; path = ViewController.m; sourceTree = "<group>"; };
		F361B8381B0771AD00CB75C0 /* Base */ = {isa = PBXFileReference; lastKnownFileType = file.storyboard; name = Base; path = Base.lproj/Main.storyboard; sourceTree = "<group>"; };
		F361B83A1B0771AD00CB75C0 /* Images.xcassets */ = {isa = PBXFileReference; lastKnownFileType = folder.assetcatalog; path = Images.xcassets; sourceTree = "<group>"; };
		F361B83D1B0771AD00CB75C0 /* Base */ = {isa = PBXFileReference; lastKnownFileType = file.xib; name = Base; path = Base.lproj/LaunchScreen.xib; sourceTree = "<group>"; };
		F361B8431B0771AE00CB75C0 /* rainbowappleTests.xctest */ = {isa = PBXFileReference; explicitFileType = wrapper.cfbundle; includeInIndex = 0; path = rainbowappleTests.xctest; sourceTree = BUILT_PRODUCTS_DIR; };
		F361B8481B0771AE00CB75C0 /* Info.plist */ = {isa = PBXFileReference; lastKnownFileType = text.plist.xml; path = Info.plist; sourceTree = "<group>"; };
		F361B8491B0771AE00CB75C0 /* rainbowappleTests.m */ = {isa = PBXFileReference; lastKnownFileType = sourcecode.c.objc; path = rainbowappleTests.m; sourceTree = "<group>"; };
		F361B8541B07721200CB75C0 /* Spotify.framework */ = {isa = PBXFileReference; lastKnownFileType = wrapper.framework; path = Spotify.framework; sourceTree = "<group>"; };
		F361B8561B07731A00CB75C0 /* AVFoundation.framework */ = {isa = PBXFileReference; lastKnownFileType = wrapper.framework; name = AVFoundation.framework; path = System/Library/Frameworks/AVFoundation.framework; sourceTree = SDKROOT; };
		F361B8581B07732200CB75C0 /* SystemConfiguration.framework */ = {isa = PBXFileReference; lastKnownFileType = wrapper.framework; name = SystemConfiguration.framework; path = System/Library/Frameworks/SystemConfiguration.framework; sourceTree = SDKROOT; };
		F3A5DB811B08B86400EF7AA2 /* CitiesTableViewController.h */ = {isa = PBXFileReference; fileEncoding = 4; lastKnownFileType = sourcecode.c.h; path = CitiesTableViewController.h; sourceTree = "<group>"; };
		F3A5DB821B08B86400EF7AA2 /* CitiesTableViewController.m */ = {isa = PBXFileReference; fileEncoding = 4; lastKnownFileType = sourcecode.c.objc; path = CitiesTableViewController.m; sourceTree = "<group>"; };
		F3A5DB841B08B92400EF7AA2 /* CityTableViewCell.h */ = {isa = PBXFileReference; fileEncoding = 4; lastKnownFileType = sourcecode.c.h; path = CityTableViewCell.h; sourceTree = "<group>"; };
		F3A5DB851B08B92400EF7AA2 /* CityTableViewCell.m */ = {isa = PBXFileReference; fileEncoding = 4; lastKnownFileType = sourcecode.c.objc; path = CityTableViewCell.m; sourceTree = "<group>"; };
		F3DBD8CC1B08C52300192DCD /* Barcelona.jpg */ = {isa = PBXFileReference; lastKnownFileType = image.jpeg; path = Barcelona.jpg; sourceTree = "<group>"; };
		F3DBD8CD1B08C52300192DCD /* Copenhagen.jpg */ = {isa = PBXFileReference; lastKnownFileType = image.jpeg; path = Copenhagen.jpg; sourceTree = "<group>"; };
		F3DBD8CE1B08C52300192DCD /* Los Angeles.jpg */ = {isa = PBXFileReference; lastKnownFileType = image.jpeg; path = "Los Angeles.jpg"; sourceTree = "<group>"; };
		F3DBD8CF1B08C52300192DCD /* Moscow.jpg */ = {isa = PBXFileReference; lastKnownFileType = image.jpeg; path = Moscow.jpg; sourceTree = "<group>"; };
		F3DBD8D01B08C52300192DCD /* Paris.jpg */ = {isa = PBXFileReference; lastKnownFileType = image.jpeg; path = Paris.jpg; sourceTree = "<group>"; };
		F3DBD8D11B08C52300192DCD /* Rio De Janeiro.jpg */ = {isa = PBXFileReference; lastKnownFileType = image.jpeg; path = "Rio De Janeiro.jpg"; sourceTree = "<group>"; };
		F3DBD8D21B08C52300192DCD /* Seoul.jpg */ = {isa = PBXFileReference; lastKnownFileType = image.jpeg; path = Seoul.jpg; sourceTree = "<group>"; };
		F3DBD8D31B08C52300192DCD /* splash.png */ = {isa = PBXFileReference; lastKnownFileType = image.png; path = splash.png; sourceTree = "<group>"; };
		F3DBD8D41B08C52300192DCD /* Stockholm.jpg */ = {isa = PBXFileReference; lastKnownFileType = image.jpeg; path = Stockholm.jpg; sourceTree = "<group>"; };
		F3DBD8D51B08C52300192DCD /* Sydney.jpg */ = {isa = PBXFileReference; lastKnownFileType = image.jpeg; path = Sydney.jpg; sourceTree = "<group>"; };
		F3DBD8D61B08C52300192DCD /* Tokyo.jpg */ = {isa = PBXFileReference; lastKnownFileType = image.jpeg; path = Tokyo.jpg; sourceTree = "<group>"; };
/* End PBXFileReference section */

/* Begin PBXFrameworksBuildPhase section */
		F361B8271B0771AD00CB75C0 /* Frameworks */ = {
			isa = PBXFrameworksBuildPhase;
			buildActionMask = 2147483647;
			files = (
				F361B8591B07732200CB75C0 /* SystemConfiguration.framework in Frameworks */,
				F361B8571B07731A00CB75C0 /* AVFoundation.framework in Frameworks */,
				F361B8551B07721200CB75C0 /* Spotify.framework in Frameworks */,
			);
			runOnlyForDeploymentPostprocessing = 0;
		};
		F361B8401B0771AE00CB75C0 /* Frameworks */ = {
			isa = PBXFrameworksBuildPhase;
			buildActionMask = 2147483647;
			files = (
			);
			runOnlyForDeploymentPostprocessing = 0;
		};
/* End PBXFrameworksBuildPhase section */

/* Begin PBXGroup section */
		041DD6D21B07C599000C40E1 /* Resources */ = {
			isa = PBXGroup;
			children = (
				F3DBD8CC1B08C52300192DCD /* Barcelona.jpg */,
				F3DBD8CD1B08C52300192DCD /* Copenhagen.jpg */,
				F3DBD8CE1B08C52300192DCD /* Los Angeles.jpg */,
				F3DBD8CF1B08C52300192DCD /* Moscow.jpg */,
				F3DBD8D01B08C52300192DCD /* Paris.jpg */,
				F3DBD8D11B08C52300192DCD /* Rio De Janeiro.jpg */,
				F3DBD8D21B08C52300192DCD /* Seoul.jpg */,
				F3DBD8D31B08C52300192DCD /* splash.png */,
				F3DBD8D41B08C52300192DCD /* Stockholm.jpg */,
				F3DBD8D51B08C52300192DCD /* Sydney.jpg */,
				F3DBD8D61B08C52300192DCD /* Tokyo.jpg */,
				041DD6DB1B07DFE0000C40E1 /* play_w_explore@2x.png */,
				041DD6E71B08B216000C40E1 /* bg_w_gradient@2x.jpg */,
				041DD6E31B088FE6000C40E1 /* pause@2x.png */,
				041DD6EB1B08C306000C40E1 /* next_track@2x.png */,
				041DD6E91B08B8CA000C40E1 /* plane@2x.png */,
				041DD6E41B088FE6000C40E1 /* play_wo_explore@2x.png */,
				041DD6D91B07D8BA000C40E1 /* play@2x.png */,
			);
			name = Resources;
			sourceTree = "<group>";
		};
		F361B8211B0771AD00CB75C0 = {
			isa = PBXGroup;
			children = (
				041DD6D21B07C599000C40E1 /* Resources */,
				F361B8531B0771F900CB75C0 /* Frameworks */,
				F361B82C1B0771AD00CB75C0 /* rainbowapple */,
				F361B8461B0771AE00CB75C0 /* rainbowappleTests */,
				F361B82B1B0771AD00CB75C0 /* Products */,
			);
			sourceTree = "<group>";
		};
		F361B82B1B0771AD00CB75C0 /* Products */ = {
			isa = PBXGroup;
			children = (
				F361B82A1B0771AD00CB75C0 /* rainbowapple.app */,
				F361B8431B0771AE00CB75C0 /* rainbowappleTests.xctest */,
			);
			name = Products;
			sourceTree = "<group>";
		};
		F361B82C1B0771AD00CB75C0 /* rainbowapple */ = {
			isa = PBXGroup;
			children = (
				F361B8311B0771AD00CB75C0 /* AppDelegate.h */,
				F361B8321B0771AD00CB75C0 /* AppDelegate.m */,
				331FDE931B077F9300AEA539 /* EchoNest.h */,
				331FDE911B077E5500AEA539 /* EchoNest.m */,
				F361B8341B0771AD00CB75C0 /* ViewController.h */,
				F361B8351B0771AD00CB75C0 /* ViewController.m */,
				04CAEDB41B07BC4F00EEEACF /* Player.h */,
				04CAEDB51B07BC4F00EEEACF /* Player.m */,
				F361B83A1B0771AD00CB75C0 /* Images.xcassets */,
				F361B83C1B0771AD00CB75C0 /* LaunchScreen.xib */,
				F361B8371B0771AD00CB75C0 /* Main.storyboard */,
				F361B82D1B0771AD00CB75C0 /* Supporting Files */,
				F3A5DB811B08B86400EF7AA2 /* CitiesTableViewController.h */,
				F3A5DB821B08B86400EF7AA2 /* CitiesTableViewController.m */,
				F3A5DB841B08B92400EF7AA2 /* CityTableViewCell.h */,
				F3A5DB851B08B92400EF7AA2 /* CityTableViewCell.m */,
			);
			path = rainbowapple;
			sourceTree = "<group>";
		};
		F361B82D1B0771AD00CB75C0 /* Supporting Files */ = {
			isa = PBXGroup;
			children = (
				F361B82E1B0771AD00CB75C0 /* Info.plist */,
				F361B82F1B0771AD00CB75C0 /* main.m */,
			);
			name = "Supporting Files";
			sourceTree = "<group>";
		};
		F361B8461B0771AE00CB75C0 /* rainbowappleTests */ = {
			isa = PBXGroup;
			children = (
				F361B8491B0771AE00CB75C0 /* rainbowappleTests.m */,
				F361B8471B0771AE00CB75C0 /* Supporting Files */,
			);
			path = rainbowappleTests;
			sourceTree = "<group>";
		};
		F361B8471B0771AE00CB75C0 /* Supporting Files */ = {
			isa = PBXGroup;
			children = (
				F361B8481B0771AE00CB75C0 /* Info.plist */,
			);
			name = "Supporting Files";
			sourceTree = "<group>";
		};
		F361B8531B0771F900CB75C0 /* Frameworks */ = {
			isa = PBXGroup;
			children = (
				F361B8581B07732200CB75C0 /* SystemConfiguration.framework */,
				F361B8561B07731A00CB75C0 /* AVFoundation.framework */,
				F361B8541B07721200CB75C0 /* Spotify.framework */,
			);
			name = Frameworks;
			sourceTree = "<group>";
		};
/* End PBXGroup section */

/* Begin PBXNativeTarget section */
		F361B8291B0771AD00CB75C0 /* rainbowapple */ = {
			isa = PBXNativeTarget;
			buildConfigurationList = F361B84D1B0771AE00CB75C0 /* Build configuration list for PBXNativeTarget "rainbowapple" */;
			buildPhases = (
				F361B8261B0771AD00CB75C0 /* Sources */,
				F361B8271B0771AD00CB75C0 /* Frameworks */,
				F361B8281B0771AD00CB75C0 /* Resources */,
			);
			buildRules = (
			);
			dependencies = (
			);
			name = rainbowapple;
			productName = rainbowapple;
			productReference = F361B82A1B0771AD00CB75C0 /* rainbowapple.app */;
			productType = "com.apple.product-type.application";
		};
		F361B8421B0771AE00CB75C0 /* rainbowappleTests */ = {
			isa = PBXNativeTarget;
			buildConfigurationList = F361B8501B0771AE00CB75C0 /* Build configuration list for PBXNativeTarget "rainbowappleTests" */;
			buildPhases = (
				F361B83F1B0771AE00CB75C0 /* Sources */,
				F361B8401B0771AE00CB75C0 /* Frameworks */,
				F361B8411B0771AE00CB75C0 /* Resources */,
			);
			buildRules = (
			);
			dependencies = (
				F361B8451B0771AE00CB75C0 /* PBXTargetDependency */,
			);
			name = rainbowappleTests;
			productName = rainbowappleTests;
			productReference = F361B8431B0771AE00CB75C0 /* rainbowappleTests.xctest */;
			productType = "com.apple.product-type.bundle.unit-test";
		};
/* End PBXNativeTarget section */

/* Begin PBXProject section */
		F361B8221B0771AD00CB75C0 /* Project object */ = {
			isa = PBXProject;
			attributes = {
				LastUpgradeCheck = 0630;
				ORGANIZATIONNAME = "Spotify Unify";
				TargetAttributes = {
					F361B8291B0771AD00CB75C0 = {
						CreatedOnToolsVersion = 6.3.1;
					};
					F361B8421B0771AE00CB75C0 = {
						CreatedOnToolsVersion = 6.3.1;
						TestTargetID = F361B8291B0771AD00CB75C0;
					};
				};
			};
			buildConfigurationList = F361B8251B0771AD00CB75C0 /* Build configuration list for PBXProject "rainbowapple" */;
			compatibilityVersion = "Xcode 3.2";
			developmentRegion = English;
			hasScannedForEncodings = 0;
			knownRegions = (
				en,
				Base,
			);
			mainGroup = F361B8211B0771AD00CB75C0;
			productRefGroup = F361B82B1B0771AD00CB75C0 /* Products */;
			projectDirPath = "";
			projectRoot = "";
			targets = (
				F361B8291B0771AD00CB75C0 /* rainbowapple */,
				F361B8421B0771AE00CB75C0 /* rainbowappleTests */,
			);
		};
/* End PBXProject section */

/* Begin PBXResourcesBuildPhase section */
		F361B8281B0771AD00CB75C0 /* Resources */ = {
			isa = PBXResourcesBuildPhase;
			buildActionMask = 2147483647;
			files = (
				F3DBD8DD1B08C52300192DCD /* Seoul.jpg in Resources */,
				F3DBD8DC1B08C52300192DCD /* Rio De Janeiro.jpg in Resources */,
				041DD6E81B08B216000C40E1 /* bg_w_gradient@2x.jpg in Resources */,
				F361B8391B0771AD00CB75C0 /* Main.storyboard in Resources */,
				F361B83E1B0771AD00CB75C0 /* LaunchScreen.xib in Resources */,
				041DD6DA1B07D8BA000C40E1 /* play@2x.png in Resources */,
				F3DBD8E11B08C52300192DCD /* Tokyo.jpg in Resources */,
				F3DBD8DF1B08C52300192DCD /* Stockholm.jpg in Resources */,
				041DD6E51B088FE6000C40E1 /* pause@2x.png in Resources */,
				F361B83B1B0771AD00CB75C0 /* Images.xcassets in Resources */,
				041DD6DC1B07DFE0000C40E1 /* play_w_explore@2x.png in Resources */,
				F3DBD8DA1B08C52300192DCD /* Moscow.jpg in Resources */,
				F3DBD8E01B08C52300192DCD /* Sydney.jpg in Resources */,
				F3DBD8D91B08C52300192DCD /* Los Angeles.jpg in Resources */,
				F3DBD8DB1B08C52300192DCD /* Paris.jpg in Resources */,
				041DD6EC1B08C306000C40E1 /* next_track@2x.png in Resources */,
				041DD6E61B088FE6000C40E1 /* play_wo_explore@2x.png in Resources */,
				F3DBD8D81B08C52300192DCD /* Copenhagen.jpg in Resources */,
				F3DBD8DE1B08C52300192DCD /* splash.png in Resources */,
				041DD6EA1B08B8CA000C40E1 /* plane@2x.png in Resources */,
				F3DBD8D71B08C52300192DCD /* Barcelona.jpg in Resources */,
			);
			runOnlyForDeploymentPostprocessing = 0;
		};
		F361B8411B0771AE00CB75C0 /* Resources */ = {
			isa = PBXResourcesBuildPhase;
			buildActionMask = 2147483647;
			files = (
			);
			runOnlyForDeploymentPostprocessing = 0;
		};
/* End PBXResourcesBuildPhase section */

/* Begin PBXSourcesBuildPhase section */
		F361B8261B0771AD00CB75C0 /* Sources */ = {
			isa = PBXSourcesBuildPhase;
			buildActionMask = 2147483647;
			files = (
				F3A5DB861B08B92400EF7AA2 /* CityTableViewCell.m in Sources */,
				F361B8361B0771AD00CB75C0 /* ViewController.m in Sources */,
				F361B8331B0771AD00CB75C0 /* AppDelegate.m in Sources */,
				F3A5DB831B08B86400EF7AA2 /* CitiesTableViewController.m in Sources */,
				331FDE921B077E5500AEA539 /* EchoNest.m in Sources */,
				F361B8301B0771AD00CB75C0 /* main.m in Sources */,
				04CAEDB61B07BC4F00EEEACF /* Player.m in Sources */,
			);
			runOnlyForDeploymentPostprocessing = 0;
		};
		F361B83F1B0771AE00CB75C0 /* Sources */ = {
			isa = PBXSourcesBuildPhase;
			buildActionMask = 2147483647;
			files = (
				F361B84A1B0771AE00CB75C0 /* rainbowappleTests.m in Sources */,
			);
			runOnlyForDeploymentPostprocessing = 0;
		};
/* End PBXSourcesBuildPhase section */

/* Begin PBXTargetDependency section */
		F361B8451B0771AE00CB75C0 /* PBXTargetDependency */ = {
			isa = PBXTargetDependency;
			target = F361B8291B0771AD00CB75C0 /* rainbowapple */;
			targetProxy = F361B8441B0771AE00CB75C0 /* PBXContainerItemProxy */;
		};
/* End PBXTargetDependency section */

/* Begin PBXVariantGroup section */
		F361B8371B0771AD00CB75C0 /* Main.storyboard */ = {
			isa = PBXVariantGroup;
			children = (
				F361B8381B0771AD00CB75C0 /* Base */,
			);
			name = Main.storyboard;
			sourceTree = "<group>";
		};
		F361B83C1B0771AD00CB75C0 /* LaunchScreen.xib */ = {
			isa = PBXVariantGroup;
			children = (
				F361B83D1B0771AD00CB75C0 /* Base */,
			);
			name = LaunchScreen.xib;
			sourceTree = "<group>";
		};
/* End PBXVariantGroup section */

/* Begin XCBuildConfiguration section */
		F361B84B1B0771AE00CB75C0 /* Debug */ = {
			isa = XCBuildConfiguration;
			buildSettings = {
				ALWAYS_SEARCH_USER_PATHS = NO;
				CLANG_CXX_LANGUAGE_STANDARD = "gnu++0x";
				CLANG_CXX_LIBRARY = "libc++";
				CLANG_ENABLE_MODULES = YES;
				CLANG_ENABLE_OBJC_ARC = YES;
				CLANG_WARN_BOOL_CONVERSION = YES;
				CLANG_WARN_CONSTANT_CONVERSION = YES;
				CLANG_WARN_DIRECT_OBJC_ISA_USAGE = YES_ERROR;
				CLANG_WARN_EMPTY_BODY = YES;
				CLANG_WARN_ENUM_CONVERSION = YES;
				CLANG_WARN_INT_CONVERSION = YES;
				CLANG_WARN_OBJC_ROOT_CLASS = YES_ERROR;
				CLANG_WARN_UNREACHABLE_CODE = YES;
				CLANG_WARN__DUPLICATE_METHOD_MATCH = YES;
				"CODE_SIGN_IDENTITY[sdk=iphoneos*]" = "iPhone Developer";
				COPY_PHASE_STRIP = NO;
				DEBUG_INFORMATION_FORMAT = "dwarf-with-dsym";
				ENABLE_STRICT_OBJC_MSGSEND = YES;
				GCC_C_LANGUAGE_STANDARD = gnu99;
				GCC_DYNAMIC_NO_PIC = NO;
				GCC_NO_COMMON_BLOCKS = YES;
				GCC_OPTIMIZATION_LEVEL = 0;
				GCC_PREPROCESSOR_DEFINITIONS = (
					"DEBUG=1",
					"$(inherited)",
				);
				GCC_SYMBOLS_PRIVATE_EXTERN = NO;
				GCC_WARN_64_TO_32_BIT_CONVERSION = YES;
				GCC_WARN_ABOUT_RETURN_TYPE = YES_ERROR;
				GCC_WARN_UNDECLARED_SELECTOR = YES;
				GCC_WARN_UNINITIALIZED_AUTOS = YES_AGGRESSIVE;
				GCC_WARN_UNUSED_FUNCTION = YES;
				GCC_WARN_UNUSED_VARIABLE = YES;
				IPHONEOS_DEPLOYMENT_TARGET = 8.3;
				MTL_ENABLE_DEBUG_INFO = YES;
				ONLY_ACTIVE_ARCH = YES;
				SDKROOT = iphoneos;
				TARGETED_DEVICE_FAMILY = "1,2";
			};
			name = Debug;
		};
		F361B84C1B0771AE00CB75C0 /* Release */ = {
			isa = XCBuildConfiguration;
			buildSettings = {
				ALWAYS_SEARCH_USER_PATHS = NO;
				CLANG_CXX_LANGUAGE_STANDARD = "gnu++0x";
				CLANG_CXX_LIBRARY = "libc++";
				CLANG_ENABLE_MODULES = YES;
				CLANG_ENABLE_OBJC_ARC = YES;
				CLANG_WARN_BOOL_CONVERSION = YES;
				CLANG_WARN_CONSTANT_CONVERSION = YES;
				CLANG_WARN_DIRECT_OBJC_ISA_USAGE = YES_ERROR;
				CLANG_WARN_EMPTY_BODY = YES;
				CLANG_WARN_ENUM_CONVERSION = YES;
				CLANG_WARN_INT_CONVERSION = YES;
				CLANG_WARN_OBJC_ROOT_CLASS = YES_ERROR;
				CLANG_WARN_UNREACHABLE_CODE = YES;
				CLANG_WARN__DUPLICATE_METHOD_MATCH = YES;
				"CODE_SIGN_IDENTITY[sdk=iphoneos*]" = "iPhone Developer";
				COPY_PHASE_STRIP = NO;
				DEBUG_INFORMATION_FORMAT = "dwarf-with-dsym";
				ENABLE_NS_ASSERTIONS = NO;
				ENABLE_STRICT_OBJC_MSGSEND = YES;
				GCC_C_LANGUAGE_STANDARD = gnu99;
				GCC_NO_COMMON_BLOCKS = YES;
				GCC_WARN_64_TO_32_BIT_CONVERSION = YES;
				GCC_WARN_ABOUT_RETURN_TYPE = YES_ERROR;
				GCC_WARN_UNDECLARED_SELECTOR = YES;
				GCC_WARN_UNINITIALIZED_AUTOS = YES_AGGRESSIVE;
				GCC_WARN_UNUSED_FUNCTION = YES;
				GCC_WARN_UNUSED_VARIABLE = YES;
				IPHONEOS_DEPLOYMENT_TARGET = 8.3;
				MTL_ENABLE_DEBUG_INFO = NO;
				SDKROOT = iphoneos;
				TARGETED_DEVICE_FAMILY = "1,2";
				VALIDATE_PRODUCT = YES;
			};
			name = Release;
		};
		F361B84E1B0771AE00CB75C0 /* Debug */ = {
			isa = XCBuildConfiguration;
			buildSettings = {
				ASSETCATALOG_COMPILER_APPICON_NAME = AppIcon;
				FRAMEWORK_SEARCH_PATHS = (
					"$(inherited)",
					"$(PROJECT_DIR)",
				);
				INFOPLIST_FILE = rainbowapple/Info.plist;
				LD_RUNPATH_SEARCH_PATHS = "$(inherited) @executable_path/Frameworks";
				OTHER_LDFLAGS = "-ObjC";
				PRODUCT_NAME = "$(TARGET_NAME)";
				TARGETED_DEVICE_FAMILY = 1;
			};
			name = Debug;
		};
		F361B84F1B0771AE00CB75C0 /* Release */ = {
			isa = XCBuildConfiguration;
			buildSettings = {
				ASSETCATALOG_COMPILER_APPICON_NAME = AppIcon;
				FRAMEWORK_SEARCH_PATHS = (
					"$(inherited)",
					"$(PROJECT_DIR)",
				);
				INFOPLIST_FILE = rainbowapple/Info.plist;
				LD_RUNPATH_SEARCH_PATHS = "$(inherited) @executable_path/Frameworks";
				OTHER_LDFLAGS = "-ObjC";
				PRODUCT_NAME = "$(TARGET_NAME)";
				TARGETED_DEVICE_FAMILY = 1;
			};
			name = Release;
		};
		F361B8511B0771AE00CB75C0 /* Debug */ = {
			isa = XCBuildConfiguration;
			buildSettings = {
				BUNDLE_LOADER = "$(TEST_HOST)";
				FRAMEWORK_SEARCH_PATHS = (
					"$(SDKROOT)/Developer/Library/Frameworks",
					"$(inherited)",
				);
				GCC_PREPROCESSOR_DEFINITIONS = (
					"DEBUG=1",
					"$(inherited)",
				);
				INFOPLIST_FILE = rainbowappleTests/Info.plist;
				LD_RUNPATH_SEARCH_PATHS = "$(inherited) @executable_path/Frameworks @loader_path/Frameworks";
				PRODUCT_NAME = "$(TARGET_NAME)";
				TEST_HOST = "$(BUILT_PRODUCTS_DIR)/rainbowapple.app/rainbowapple";
			};
			name = Debug;
		};
		F361B8521B0771AE00CB75C0 /* Release */ = {
			isa = XCBuildConfiguration;
			buildSettings = {
				BUNDLE_LOADER = "$(TEST_HOST)";
				FRAMEWORK_SEARCH_PATHS = (
					"$(SDKROOT)/Developer/Library/Frameworks",
					"$(inherited)",
				);
				INFOPLIST_FILE = rainbowappleTests/Info.plist;
				LD_RUNPATH_SEARCH_PATHS = "$(inherited) @executable_path/Frameworks @loader_path/Frameworks";
				PRODUCT_NAME = "$(TARGET_NAME)";
				TEST_HOST = "$(BUILT_PRODUCTS_DIR)/rainbowapple.app/rainbowapple";
			};
			name = Release;
		};
/* End XCBuildConfiguration section */

/* Begin XCConfigurationList section */
		F361B8251B0771AD00CB75C0 /* Build configuration list for PBXProject "rainbowapple" */ = {
			isa = XCConfigurationList;
			buildConfigurations = (
				F361B84B1B0771AE00CB75C0 /* Debug */,
				F361B84C1B0771AE00CB75C0 /* Release */,
			);
			defaultConfigurationIsVisible = 0;
			defaultConfigurationName = Release;
		};
		F361B84D1B0771AE00CB75C0 /* Build configuration list for PBXNativeTarget "rainbowapple" */ = {
			isa = XCConfigurationList;
			buildConfigurations = (
				F361B84E1B0771AE00CB75C0 /* Debug */,
				F361B84F1B0771AE00CB75C0 /* Release */,
			);
			defaultConfigurationIsVisible = 0;
			defaultConfigurationName = Release;
		};
		F361B8501B0771AE00CB75C0 /* Build configuration list for PBXNativeTarget "rainbowappleTests" */ = {
			isa = XCConfigurationList;
			buildConfigurations = (
				F361B8511B0771AE00CB75C0 /* Debug */,
				F361B8521B0771AE00CB75C0 /* Release */,
			);
			defaultConfigurationIsVisible = 0;
			defaultConfigurationName = Release;
		};
/* End XCConfigurationList section */
	};
	rootObject = F361B8221B0771AD00CB75C0 /* Project object */;
}
